
Microsoft Visual Studio Solution File, Format Version 12.00
# Visual Studio Version 16
VisualStudioVersion = 16.0.31729.503
MinimumVisualStudioVersion = 10.0.40219.1
Project("{FAE04EC0-301F-11D3-BF4B-00C04F79EFBC}") = "JenkinsCoreWeb", "JenkinsCoreWeb\JenkinsCoreWeb.csproj", "{2504F026-E2DB-439B-9B84-DA4AC60CB393}"
EndProject
Global
	GlobalSection(SolutionConfigurationPlatforms) = preSolution
		Debug|Any CPU = Debug|Any CPU
		Release|Any CPU = Release|Any CPU
	EndGlobalSection
	GlobalSection(ProjectConfigurationPlatforms) = postSolution
		{2504F026-E2DB-439B-9B84-DA4AC60CB393}.Debug|Any CPU.ActiveCfg = Debug|Any CPU
		{2504F026-E2DB-439B-9B84-DA4AC60CB393}.Debug|Any CPU.Build.0 = Debug|Any CPU
		{2504F026-E2DB-439B-9B84-DA4AC60CB393}.Release|Any CPU.ActiveCfg = Release|Any CPU
		{2504F026-E2DB-439B-9B84-DA4AC60CB393}.Release|Any CPU.Build.0 = Release|Any CPU
	EndGlobalSection
	GlobalSection(SolutionProperties) = preSolution
		HideSolutionNode = FALSE
	EndGlobalSection
	GlobalSection(ExtensibilityGlobals) = postSolution
		SolutionGuid = {AE9D3824-066C-4A99-8841-AC64CB9D2F02}
	EndGlobalSection
EndGlobal
